
Microsoft Visual Studio Solution File, Format Version 12.00
# Visual Studio 15
Project("{FAE04EC0-301F-11D3-BF4B-00C04F79EFBC}") = "Assembly-CSharp", "Assembly-CSharp.csproj", "{419ACCC7-B2EE-8E22-DD85-B7063DA5196E}"
EndProject
Project("{FAE04EC0-301F-11D3-BF4B-00C04F79EFBC}") = "Assembly-CSharp-Editor", "Assembly-CSharp-Editor.csproj", "{8E047AFE-0A1E-EF78-16A7-7F984710A1E5}"
EndProject
Global
	GlobalSection(SolutionConfigurationPlatforms) = preSolution
		Debug|Any CPU = Debug|Any CPU
		Release|Any CPU = Release|Any CPU
	EndGlobalSection
	GlobalSection(ProjectConfigurationPlatforms) = postSolution
		{419ACCC7-B2EE-8E22-DD85-B7063DA5196E}.Debug|Any CPU.ActiveCfg = Debug|Any CPU
		{419ACCC7-B2EE-8E22-DD85-B7063DA5196E}.Debug|Any CPU.Build.0 = Debug|Any CPU
		{419ACCC7-B2EE-8E22-DD85-B7063DA5196E}.Release|Any CPU.ActiveCfg = Release|Any CPU
		{419ACCC7-B2EE-8E22-DD85-B7063DA5196E}.Release|Any CPU.Build.0 = Release|Any CPU
		{8E047AFE-0A1E-EF78-16A7-7F984710A1E5}.Debug|Any CPU.ActiveCfg = Debug|Any CPU
		{8E047AFE-0A1E-EF78-16A7-7F984710A1E5}.Debug|Any CPU.Build.0 = Debug|Any CPU
		{8E047AFE-0A1E-EF78-16A7-7F984710A1E5}.Release|Any CPU.ActiveCfg = Release|Any CPU
		{8E047AFE-0A1E-EF78-16A7-7F984710A1E5}.Release|Any CPU.Build.0 = Release|Any CPU
	EndGlobalSection
	GlobalSection(SolutionProperties) = preSolution
		HideSolutionNode = FALSE
	EndGlobalSection
EndGlobal
